// !$*UTF8*$!
{
	archiveVersion = 1;
	classes = {
	};
	objectVersion = 46;
	objects = {

/* Begin PBXBuildFile section */
		8E0403FA1EE7F45F002B5B08 /* AppDelegate.swift in Sources */ = {isa = PBXBuildFile; fileRef = 8E0403F91EE7F45F002B5B08 /* AppDelegate.swift */; };
		8E0403FF1EE7F460002B5B08 /* Main.storyboard in Resources */ = {isa = PBXBuildFile; fileRef = 8E0403FD1EE7F460002B5B08 /* Main.storyboard */; };
		8E0404011EE7F460002B5B08 /* Assets.xcassets in Resources */ = {isa = PBXBuildFile; fileRef = 8E0404001EE7F460002B5B08 /* Assets.xcassets */; };
		8E0404041EE7F460002B5B08 /* LaunchScreen.storyboard in Resources */ = {isa = PBXBuildFile; fileRef = 8E0404021EE7F460002B5B08 /* LaunchScreen.storyboard */; };
		8EB93A291EE81D2B002BE8CF /* TableViewController.swift in Sources */ = {isa = PBXBuildFile; fileRef = 8EB93A281EE81D2B002BE8CF /* TableViewController.swift */; };
		8EB93A2B1EE81D6D002BE8CF /* MapViewController.swift in Sources */ = {isa = PBXBuildFile; fileRef = 8EB93A2A1EE81D6D002BE8CF /* MapViewController.swift */; };
/* End PBXBuildFile section */

/* Begin PBXFileReference section */
		8E0403F61EE7F45F002B5B08 /* Memorable Places.app */ = {isa = PBXFileReference; explicitFileType = wrapper.application; includeInIndex = 0; path = "Memorable Places.app"; sourceTree = BUILT_PRODUCTS_DIR; };
		8E0403F91EE7F45F002B5B08 /* AppDelegate.swift */ = {isa = PBXFileReference; lastKnownFileType = sourcecode.swift; path = AppDelegate.swift; sourceTree = "<group>"; };
		8E0403FE1EE7F460002B5B08 /* Base */ = {isa = PBXFileReference; lastKnownFileType = file.storyboard; name = Base; path = Base.lproj/Main.storyboard; sourceTree = "<group>"; };
		8E0404001EE7F460002B5B08 /* Assets.xcassets */ = {isa = PBXFileReference; lastKnownFileType = folder.assetcatalog; path = Assets.xcassets; sourceTree = "<group>"; };
		8E0404031EE7F460002B5B08 /* Base */ = {isa = PBXFileReference; lastKnownFileType = file.storyboard; name = Base; path = Base.lproj/LaunchScreen.storyboard; sourceTree = "<group>"; };
		8E0404051EE7F460002B5B08 /* Info.plist */ = {isa = PBXFileReference; lastKnownFileType = text.plist.xml; path = Info.plist; sourceTree = "<group>"; };
		8EB93A281EE81D2B002BE8CF /* TableViewController.swift */ = {isa = PBXFileReference; fileEncoding = 4; lastKnownFileType = sourcecode.swift; name = TableViewController.swift; path = ../TableViewController.swift; sourceTree = "<group>"; };
		8EB93A2A1EE81D6D002BE8CF /* MapViewController.swift */ = {isa = PBXFileReference; fileEncoding = 4; lastKnownFileType = sourcecode.swift; path = MapViewController.swift; sourceTree = SOURCE_ROOT; };
/* End PBXFileReference section */

/* Begin PBXFrameworksBuildPhase section */
		8E0403F31EE7F45F002B5B08 /* Frameworks */ = {
			isa = PBXFrameworksBuildPhase;
			buildActionMask = 2147483647;
			files = (
			);
			runOnlyForDeploymentPostprocessing = 0;
		};
/* End PBXFrameworksBuildPhase section */

/* Begin PBXGroup section */
		8E0403ED1EE7F45F002B5B08 = {
			isa = PBXGroup;
			children = (
				8E0403F81EE7F45F002B5B08 /* Memorable Places */,
				8E0403F71EE7F45F002B5B08 /* Products */,
			);
			sourceTree = "<group>";
		};
		8E0403F71EE7F45F002B5B08 /* Products */ = {
			isa = PBXGroup;
			children = (
				8E0403F61EE7F45F002B5B08 /* Memorable Places.app */,
			);
			name = Products;
			sourceTree = "<group>";
		};
		8E0403F81EE7F45F002B5B08 /* Memorable Places */ = {
			isa = PBXGroup;
			children = (
				8E04040B1EE7F545002B5B08 /* Supporting Files */,
				8E0403FD1EE7F460002B5B08 /* Main.storyboard */,
				8EB93A2A1EE81D6D002BE8CF /* MapViewController.swift */,
				8EB93A281EE81D2B002BE8CF /* TableViewController.swift */,
				8E0404051EE7F460002B5B08 /* Info.plist */,
			);
			path = "Memorable Places";
			sourceTree = "<group>";
		};
		8E04040B1EE7F545002B5B08 /* Supporting Files */ = {
			isa = PBXGroup;
			children = (
				8E0403F91EE7F45F002B5B08 /* AppDelegate.swift */,
				8E0404001EE7F460002B5B08 /* Assets.xcassets */,
				8E0404021EE7F460002B5B08 /* LaunchScreen.storyboard */,
			);
			name = "Supporting Files";
			sourceTree = "<group>";
		};
/* End PBXGroup section */

/* Begin PBXNativeTarget section */
		8E0403F51EE7F45F002B5B08 /* Memorable Places */ = {
			isa = PBXNativeTarget;
			buildConfigurationList = 8E0404081EE7F460002B5B08 /* Build configuration list for PBXNativeTarget "Memorable Places" */;
			buildPhases = (
				8E0403F21EE7F45F002B5B08 /* Sources */,
				8E0403F31EE7F45F002B5B08 /* Frameworks */,
				8E0403F41EE7F45F002B5B08 /* Resources */,
			);
			buildRules = (
			);
			dependencies = (
			);
			name = "Memorable Places";
			productName = "Memorable Places";
			productReference = 8E0403F61EE7F45F002B5B08 /* Memorable Places.app */;
			productType = "com.apple.product-type.application";
		};
/* End PBXNativeTarget section */

/* Begin PBXProject section */
		8E0403EE1EE7F45F002B5B08 /* Project object */ = {
			isa = PBXProject;
			attributes = {
				LastSwiftUpdateCheck = 0830;
				LastUpgradeCheck = 0830;
				ORGANIZATIONNAME = "Tom Caldwell";
				TargetAttributes = {
					8E0403F51EE7F45F002B5B08 = {
						CreatedOnToolsVersion = 8.3.3;
						DevelopmentTeam = 86LRVMV9BA;
						ProvisioningStyle = Automatic;
					};
				};
			};
			buildConfigurationList = 8E0403F11EE7F45F002B5B08 /* Build configuration list for PBXProject "Memorable Places" */;
			compatibilityVersion = "Xcode 3.2";
			developmentRegion = English;
			hasScannedForEncodings = 0;
			knownRegions = (
				en,
				Base,
			);
			mainGroup = 8E0403ED1EE7F45F002B5B08;
			productRefGroup = 8E0403F71EE7F45F002B5B08 /* Products */;
			projectDirPath = "";
			projectRoot = "";
			targets = (
				8E0403F51EE7F45F002B5B08 /* Memorable Places */,
			);
		};
/* End PBXProject section */

/* Begin PBXResourcesBuildPhase section */
		8E0403F41EE7F45F002B5B08 /* Resources */ = {
			isa = PBXResourcesBuildPhase;
			buildActionMask = 2147483647;
			files = (
				8E0404041EE7F460002B5B08 /* LaunchScreen.storyboard in Resources */,
				8E0404011EE7F460002B5B08 /* Assets.xcassets in Resources */,
				8E0403FF1EE7F460002B5B08 /* Main.storyboard in Resources */,
			);
			runOnlyForDeploymentPostprocessing = 0;
		};
/* End PBXResourcesBuildPhase section */

/* Begin PBXSourcesBuildPhase section */
		8E0403F21EE7F45F002B5B08 /* Sources */ = {
			isa = PBXSourcesBuildPhase;
			buildActionMask = 2147483647;
			files = (
				8E0403FA1EE7F45F002B5B08 /* AppDelegate.swift in Sources */,
				8EB93A2B1EE81D6D002BE8CF /* MapViewController.swift in Sources */,
				8EB93A291EE81D2B002BE8CF /* TableViewController.swift in Sources */,
			);
			runOnlyForDeploymentPostprocessing = 0;
		};
/* End PBXSourcesBuildPhase section */

/* Begin PBXVariantGroup section */
		8E0403FD1EE7F460002B5B08 /* Main.storyboard */ = {
			isa = PBXVariantGroup;
			children = (
				8E0403FE1EE7F460002B5B08 /* Base */,
			);
			name = Main.storyboard;
			sourceTree = "<group>";
		};
		8E0404021EE7F460002B5B08 /* LaunchScreen.storyboard */ = {
			isa = PBXVariantGroup;
			children = (
				8E0404031EE7F460002B5B08 /* Base */,
			);
			name = LaunchScreen.storyboard;
			sourceTree = "<group>";
		};
/* End PBXVariantGroup section */

/* Begin XCBuildConfiguration section */
		8E0404061EE7F460002B5B08 /* Debug */ = {
			isa = XCBuildConfiguration;
			buildSettings = {
				ALWAYS_SEARCH_USER_PATHS = NO;
				CLANG_ANALYZER_NONNULL = YES;
				CLANG_ANALYZER_NUMBER_OBJECT_CONVERSION = YES_AGGRESSIVE;
				CLANG_CXX_LANGUAGE_STANDARD = "gnu++0x";
				CLANG_CXX_LIBRARY = "libc++";
				CLANG_ENABLE_MODULES = YES;
				CLANG_ENABLE_OBJC_ARC = YES;
				CLANG_WARN_BOOL_CONVERSION = YES;
				CLANG_WARN_CONSTANT_CONVERSION = YES;
				CLANG_WARN_DIRECT_OBJC_ISA_USAGE = YES_ERROR;
				CLANG_WARN_DOCUMENTATION_COMMENTS = YES;
				CLANG_WARN_EMPTY_BODY = YES;
				CLANG_WARN_ENUM_CONVERSION = YES;
				CLANG_WARN_INFINITE_RECURSION = YES;
				CLANG_WARN_INT_CONVERSION = YES;
				CLANG_WARN_OBJC_ROOT_CLASS = YES_ERROR;
				CLANG_WARN_SUSPICIOUS_MOVE = YES;
				CLANG_WARN_UNREACHABLE_CODE = YES;
				CLANG_WARN__DUPLICATE_METHOD_MATCH = YES;
				"CODE_SIGN_IDENTITY[sdk=iphoneos*]" = "iPhone Developer";
				COPY_PHASE_STRIP = NO;
				DEBUG_INFORMATION_FORMAT = dwarf;
				ENABLE_STRICT_OBJC_MSGSEND = YES;
				ENABLE_TESTABILITY = YES;
				GCC_C_LANGUAGE_STANDARD = gnu99;
				GCC_DYNAMIC_NO_PIC = NO;
				GCC_NO_COMMON_BLOCKS = YES;
				GCC_OPTIMIZATION_LEVEL = 0;
				GCC_PREPROCESSOR_DEFINITIONS = (
					"DEBUG=1",
					"$(inherited)",
				);
				GCC_WARN_64_TO_32_BIT_CONVERSION = YES;
				GCC_WARN_ABOUT_RETURN_TYPE = YES_ERROR;
				GCC_WARN_UNDECLARED_SELECTOR = YES;
				GCC_WARN_UNINITIALIZED_AUTOS = YES_AGGRESSIVE;
				GCC_WARN_UNUSED_FUNCTION = YES;
				GCC_WARN_UNUSED_VARIABLE = YES;
				IPHONEOS_DEPLOYMENT_TARGET = 10.3;
				MTL_ENABLE_DEBUG_INFO = YES;
				ONLY_ACTIVE_ARCH = YES;
				SDKROOT = iphoneos;
				SWIFT_ACTIVE_COMPILATION_CONDITIONS = DEBUG;
				SWIFT_OPTIMIZATION_LEVEL = "-Onone";
			};
			name = Debug;
		};
		8E0404071EE7F460002B5B08 /* Release */ = {
			isa = XCBuildConfiguration;
			buildSettings = {
				ALWAYS_SEARCH_USER_PATHS = NO;
				CLANG_ANALYZER_NONNULL = YES;
				CLANG_ANALYZER_NUMBER_OBJECT_CONVERSION = YES_AGGRESSIVE;
				CLANG_CXX_LANGUAGE_STANDARD = "gnu++0x";
				CLANG_CXX_LIBRARY = "libc++";
				CLANG_ENABLE_MODULES = YES;
				CLANG_ENABLE_OBJC_ARC = YES;
				CLANG_WARN_BOOL_CONVERSION = YES;
				CLANG_WARN_CONSTANT_CONVERSION = YES;
				CLANG_WARN_DIRECT_OBJC_ISA_USAGE = YES_ERROR;
				CLANG_WARN_DOCUMENTATION_COMMENTS = YES;
				CLANG_WARN_EMPTY_BODY = YES;
				CLANG_WARN_ENUM_CONVERSION = YES;
				CLANG_WARN_INFINITE_RECURSION = YES;
				CLANG_WARN_INT_CONVERSION = YES;
				CLANG_WARN_OBJC_ROOT_CLASS = YES_ERROR;
				CLANG_WARN_SUSPICIOUS_MOVE = YES;
				CLANG_WARN_UNREACHABLE_CODE = YES;
				CLANG_WARN__DUPLICATE_METHOD_MATCH = YES;
				"CODE_SIGN_IDENTITY[sdk=iphoneos*]" = "iPhone Developer";
				COPY_PHASE_STRIP = NO;
				DEBUG_INFORMATION_FORMAT = "dwarf-with-dsym";
				ENABLE_NS_ASSERTIONS = NO;
				ENABLE_STRICT_OBJC_MSGSEND = YES;
				GCC_C_LANGUAGE_STANDARD = gnu99;
				GCC_NO_COMMON_BLOCKS = YES;
				GCC_WARN_64_TO_32_BIT_CONVERSION = YES;
				GCC_WARN_ABOUT_RETURN_TYPE = YES_ERROR;
				GCC_WARN_UNDECLARED_SELECTOR = YES;
				GCC_WARN_UNINITIALIZED_AUTOS = YES_AGGRESSIVE;
				GCC_WARN_UNUSED_FUNCTION = YES;
				GCC_WARN_UNUSED_VARIABLE = YES;
				IPHONEOS_DEPLOYMENT_TARGET = 10.3;
				MTL_ENABLE_DEBUG_INFO = NO;
				SDKROOT = iphoneos;
				SWIFT_OPTIMIZATION_LEVEL = "-Owholemodule";
				VALIDATE_PRODUCT = YES;
			};
			name = Release;
		};
		8E0404091EE7F460002B5B08 /* Debug */ = {
			isa = XCBuildConfiguration;
			buildSettings = {
				ASSETCATALOG_COMPILER_APPICON_NAME = AppIcon;
				DEVELOPMENT_TEAM = 86LRVMV9BA;
				INFOPLIST_FILE = "Memorable Places/Info.plist";
				LD_RUNPATH_SEARCH_PATHS = "$(inherited) @executable_path/Frameworks";
				PRODUCT_BUNDLE_IDENTIFIER = "co.uk.tomcaldwell.Memorable-Places";
				PRODUCT_NAME = "$(TARGET_NAME)";
				SWIFT_VERSION = 3.0;
			};
			name = Debug;
		};
		8E04040A1EE7F460002B5B08 /* Release */ = {
			isa = XCBuildConfiguration;
			buildSettings = {
				ASSETCATALOG_COMPILER_APPICON_NAME = AppIcon;
				DEVELOPMENT_TEAM = 86LRVMV9BA;
				INFOPLIST_FILE = "Memorable Places/Info.plist";
				LD_RUNPATH_SEARCH_PATHS = "$(inherited) @executable_path/Frameworks";
				PRODUCT_BUNDLE_IDENTIFIER = "co.uk.tomcaldwell.Memorable-Places";
				PRODUCT_NAME = "$(TARGET_NAME)";
				SWIFT_VERSION = 3.0;
			};
			name = Release;
		};
/* End XCBuildConfiguration section */

/* Begin XCConfigurationList section */
		8E0403F11EE7F45F002B5B08 /* Build configuration list for PBXProject "Memorable Places" */ = {
			isa = XCConfigurationList;
			buildConfigurations = (
				8E0404061EE7F460002B5B08 /* Debug */,
				8E0404071EE7F460002B5B08 /* Release */,
			);
			defaultConfigurationIsVisible = 0;
			defaultConfigurationName = Release;
		};
		8E0404081EE7F460002B5B08 /* Build configuration list for PBXNativeTarget "Memorable Places" */ = {
			isa = XCConfigurationList;
			buildConfigurations = (
				8E0404091EE7F460002B5B08 /* Debug */,
				8E04040A1EE7F460002B5B08 /* Release */,
			);
			defaultConfigurationIsVisible = 0;
			defaultConfigurationName = Release;
		};
/* End XCConfigurationList section */
	};
	rootObject = 8E0403EE1EE7F45F002B5B08 /* Project object */;
}
